
Microsoft Visual Studio Solution File, Format Version 12.00
# Visual Studio Version 17
VisualStudioVersion = 17.7.34202.233
MinimumVisualStudioVersion = 10.0.40219.1
Project("{9A19103F-16F7-4668-BE54-9A1E7A4F7556}") = "CarRentalManagement.Server", "Server\CarRentalManagement.Server.csproj", "{156CCE83-1B6D-4921-9BD7-AAAB46B3CD34}"
EndProject
Project("{9A19103F-16F7-4668-BE54-9A1E7A4F7556}") = "CarRentalManagement.Client", "Client\CarRentalManagement.Client.csproj", "{A918FD01-D641-4C60-9FC2-F8A1C33B46AF}"
EndProject
Project("{9A19103F-16F7-4668-BE54-9A1E7A4F7556}") = "CarRentalManagement.Shared", "Shared\CarRentalManagement.Shared.csproj", "{04D14A25-0036-44F8-9888-6F9184234840}"
EndProject
Global
	GlobalSection(SolutionConfigurationPlatforms) = preSolution
		Debug|Any CPU = Debug|Any CPU
		Release|Any CPU = Release|Any CPU
	EndGlobalSection
	GlobalSection(ProjectConfigurationPlatforms) = postSolution
		{156CCE83-1B6D-4921-9BD7-AAAB46B3CD34}.Debug|Any CPU.ActiveCfg = Debug|Any CPU
		{156CCE83-1B6D-4921-9BD7-AAAB46B3CD34}.Debug|Any CPU.Build.0 = Debug|Any CPU
		{156CCE83-1B6D-4921-9BD7-AAAB46B3CD34}.Release|Any CPU.ActiveCfg = Release|Any CPU
		{156CCE83-1B6D-4921-9BD7-AAAB46B3CD34}.Release|Any CPU.Build.0 = Release|Any CPU
		{A918FD01-D641-4C60-9FC2-F8A1C33B46AF}.Debug|Any CPU.ActiveCfg = Debug|Any CPU
		{A918FD01-D641-4C60-9FC2-F8A1C33B46AF}.Debug|Any CPU.Build.0 = Debug|Any CPU
		{A918FD01-D641-4C60-9FC2-F8A1C33B46AF}.Release|Any CPU.ActiveCfg = Release|Any CPU
		{A918FD01-D641-4C60-9FC2-F8A1C33B46AF}.Release|Any CPU.Build.0 = Release|Any CPU
		{04D14A25-0036-44F8-9888-6F9184234840}.Debug|Any CPU.ActiveCfg = Debug|Any CPU
		{04D14A25-0036-44F8-9888-6F9184234840}.Debug|Any CPU.Build.0 = Debug|Any CPU
		{04D14A25-0036-44F8-9888-6F9184234840}.Release|Any CPU.ActiveCfg = Release|Any CPU
		{04D14A25-0036-44F8-9888-6F9184234840}.Release|Any CPU.Build.0 = Release|Any CPU
	EndGlobalSection
	GlobalSection(SolutionProperties) = preSolution
		HideSolutionNode = FALSE
	EndGlobalSection
	GlobalSection(ExtensibilityGlobals) = postSolution
		SolutionGuid = {AF7B84EF-227D-4963-91CE-493112F3061D}
	EndGlobalSection
EndGlobal
